
Microsoft Visual Studio Solution File, Format Version 12.00
# Visual Studio 14
VisualStudioVersion = 14.0.25420.1
MinimumVisualStudioVersion = 10.0.40219.1
Project("{FAE04EC0-301F-11D3-BF4B-00C04F79EFBC}") = "ITUniver.Calc.BlockCalc_2", "BlockCalc_2\ITUniver.Calc.BlockCalc_2.csproj", "{F3A3714D-FE24-47B6-BA0F-79DDA7C162DA}"
EndProject
Project("{FAE04EC0-301F-11D3-BF4B-00C04F79EFBC}") = "ITUniver.Calc.TestBlockCalc_2", "TestBlockCalc_2\ITUniver.Calc.TestBlockCalc_2.csproj", "{71C52A89-E902-4041-9A7D-87AC3E61D0E9}"
EndProject
Project("{FAE04EC0-301F-11D3-BF4B-00C04F79EFBC}") = "ITUniver.Calc.Core", "ITUniver.Calc.Core\ITUniver.Calc.Core.csproj", "{568CC6DA-0C2B-4D04-93A5-4FB5AC728E18}"
EndProject
Project("{FAE04EC0-301F-11D3-BF4B-00C04F79EFBC}") = "ITUniver.Calc.WinFormCalc", "WinFormCalc\ITUniver.Calc.WinFormCalc.csproj", "{0ADFD690-3FC7-44F1-958A-4BD488CAECA2}"
EndProject
Project("{FAE04EC0-301F-11D3-BF4B-00C04F79EFBC}") = "ITUniver.Calc.DB", "WinFormCalcDB\ITUniver.Calc.DB.csproj", "{E242C0A2-DC79-41F2-98E8-743E0670C38C}"
EndProject
Project("{FAE04EC0-301F-11D3-BF4B-00C04F79EFBC}") = "ITUniver.Calc.WebCalc", "ITUniver.Calc.WebCalc\ITUniver.Calc.WebCalc.csproj", "{9C2D0EEB-8F41-4330-94B7-E641B4101737}"
EndProject
Global
	GlobalSection(SolutionConfigurationPlatforms) = preSolution
		Debug|Any CPU = Debug|Any CPU
		Release|Any CPU = Release|Any CPU
	EndGlobalSection
	GlobalSection(ProjectConfigurationPlatforms) = postSolution
		{F3A3714D-FE24-47B6-BA0F-79DDA7C162DA}.Debug|Any CPU.ActiveCfg = Debug|Any CPU
		{F3A3714D-FE24-47B6-BA0F-79DDA7C162DA}.Debug|Any CPU.Build.0 = Debug|Any CPU
		{F3A3714D-FE24-47B6-BA0F-79DDA7C162DA}.Release|Any CPU.ActiveCfg = Release|Any CPU
		{F3A3714D-FE24-47B6-BA0F-79DDA7C162DA}.Release|Any CPU.Build.0 = Release|Any CPU
		{71C52A89-E902-4041-9A7D-87AC3E61D0E9}.Debug|Any CPU.ActiveCfg = Debug|Any CPU
		{71C52A89-E902-4041-9A7D-87AC3E61D0E9}.Debug|Any CPU.Build.0 = Debug|Any CPU
		{71C52A89-E902-4041-9A7D-87AC3E61D0E9}.Release|Any CPU.ActiveCfg = Release|Any CPU
		{71C52A89-E902-4041-9A7D-87AC3E61D0E9}.Release|Any CPU.Build.0 = Release|Any CPU
		{568CC6DA-0C2B-4D04-93A5-4FB5AC728E18}.Debug|Any CPU.ActiveCfg = Debug|Any CPU
		{568CC6DA-0C2B-4D04-93A5-4FB5AC728E18}.Debug|Any CPU.Build.0 = Debug|Any CPU
		{568CC6DA-0C2B-4D04-93A5-4FB5AC728E18}.Release|Any CPU.ActiveCfg = Release|Any CPU
		{568CC6DA-0C2B-4D04-93A5-4FB5AC728E18}.Release|Any CPU.Build.0 = Release|Any CPU
		{0ADFD690-3FC7-44F1-958A-4BD488CAECA2}.Debug|Any CPU.ActiveCfg = Debug|Any CPU
		{0ADFD690-3FC7-44F1-958A-4BD488CAECA2}.Debug|Any CPU.Build.0 = Debug|Any CPU
		{0ADFD690-3FC7-44F1-958A-4BD488CAECA2}.Release|Any CPU.ActiveCfg = Release|Any CPU
		{0ADFD690-3FC7-44F1-958A-4BD488CAECA2}.Release|Any CPU.Build.0 = Release|Any CPU
		{E242C0A2-DC79-41F2-98E8-743E0670C38C}.Debug|Any CPU.ActiveCfg = Debug|Any CPU
		{E242C0A2-DC79-41F2-98E8-743E0670C38C}.Debug|Any CPU.Build.0 = Debug|Any CPU
		{E242C0A2-DC79-41F2-98E8-743E0670C38C}.Release|Any CPU.ActiveCfg = Release|Any CPU
		{E242C0A2-DC79-41F2-98E8-743E0670C38C}.Release|Any CPU.Build.0 = Release|Any CPU
		{9C2D0EEB-8F41-4330-94B7-E641B4101737}.Debug|Any CPU.ActiveCfg = Debug|Any CPU
		{9C2D0EEB-8F41-4330-94B7-E641B4101737}.Debug|Any CPU.Build.0 = Debug|Any CPU
		{9C2D0EEB-8F41-4330-94B7-E641B4101737}.Release|Any CPU.ActiveCfg = Release|Any CPU
		{9C2D0EEB-8F41-4330-94B7-E641B4101737}.Release|Any CPU.Build.0 = Release|Any CPU
	EndGlobalSection
	GlobalSection(SolutionProperties) = preSolution
		HideSolutionNode = FALSE
	EndGlobalSection
EndGlobal
